{
  "name": "database",
  "lockfileVersion": 2,
  "requires": true,
  "packages": {
    "": {
      "dependencies": {
        "@prisma/client": "^2.28.0"
      },
      "devDependencies": {
        "prisma": "^2.28.0"
      }
    },
    "node_modules/@prisma/client": {
      "version": "2.28.0",
      "resolved": "https://registry.npmjs.org/@prisma/client/-/client-2.28.0.tgz",
      "integrity": "sha512-iwdxpy0Nz8N40MnhdlRvhZOBk8+GawpEsY5FU8Tfw1k9rvIeTAi+wBHrqhY8bXq6pneZkzrdQ1Hj3tqkrbRmoQ==",
      "hasInstallScript": true,
      "dependencies": {
        "@prisma/engines-version": "2.28.0-17.89facabd0366f63911d089156a7a70125bfbcd27"
      },
      "engines": {
        "node": ">=12.2"
      },
      "peerDependencies": {
        "prisma": "*"
      },
      "peerDependenciesMeta": {
        "prisma": {
          "optional": true
        }
      }
    },
    "node_modules/@prisma/engines": {
      "version": "2.28.0-17.89facabd0366f63911d089156a7a70125bfbcd27",
      "resolved": "https://registry.npmjs.org/@prisma/engines/-/engines-2.28.0-17.89facabd0366f63911d089156a7a70125bfbcd27.tgz",
      "integrity": "sha512-r3/EnwKjbu2qz13I98hPQQdeFrOEcwdjlrB9CcoSoqRCjSHLnpdVMUvRfYuRKIoEF7p941R7/Fov0/CxOLF/MQ==",
      "devOptional": true,
      "hasInstallScript": true
    },
    "node_modules/@prisma/engines-version": {
      "version": "2.28.0-17.89facabd0366f63911d089156a7a70125bfbcd27",
      "resolved": "https://registry.npmjs.org/@prisma/engines-version/-/engines-version-2.28.0-17.89facabd0366f63911d089156a7a70125bfbcd27.tgz",
      "integrity": "sha512-BWTvF1mGxjG8EtG215uhxdeW5Uf5aiH4xhfzcFPFC3Ux5BdEM1uEBrLIixX67mI+ZNhqNZSBPf0DSf2I1IsaZw=="
    },
    "node_modules/prisma": {
      "version": "2.28.0",
      "resolved": "https://registry.npmjs.org/prisma/-/prisma-2.28.0.tgz",
      "integrity": "sha512-f83KPLy3xk07KMY4e5otNwP2I+GsdftjOfu3e8snXylnyAC1oEpRZNe7rmONr0vAI+Qgz3LFRArhWUE/dFjKIA==",
      "devOptional": true,
      "hasInstallScript": true,
      "dependencies": {
        "@prisma/engines": "2.28.0-17.89facabd0366f63911d089156a7a70125bfbcd27"
      },
      "bin": {
        "prisma": "build/index.js",
        "prisma2": "build/index.js"
      },
      "engines": {
        "node": ">=12.2"
      }
    }
  },
  "dependencies": {
    "@prisma/client": {
      "version": "2.28.0",
      "resolved": "https://registry.npmjs.org/@prisma/client/-/client-2.28.0.tgz",
      "integrity": "sha512-iwdxpy0Nz8N40MnhdlRvhZOBk8+GawpEsY5FU8Tfw1k9rvIeTAi+wBHrqhY8bXq6pneZkzrdQ1Hj3tqkrbRmoQ==",
      "requires": {
        "@prisma/engines-version": "2.28.0-17.89facabd0366f63911d089156a7a70125bfbcd27"
      }
    },
    "@prisma/engines": {
      "version": "2.28.0-17.89facabd0366f63911d089156a7a70125bfbcd27",
      "resolved": "https://registry.npmjs.org/@prisma/engines/-/engines-2.28.0-17.89facabd0366f63911d089156a7a70125bfbcd27.tgz",
      "integrity": "sha512-r3/EnwKjbu2qz13I98hPQQdeFrOEcwdjlrB9CcoSoqRCjSHLnpdVMUvRfYuRKIoEF7p941R7/Fov0/CxOLF/MQ==",
      "devOptional": true
    },
    "@prisma/engines-version": {
      "version": "2.28.0-17.89facabd0366f63911d089156a7a70125bfbcd27",
      "resolved": "https://registry.npmjs.org/@prisma/engines-version/-/engines-version-2.28.0-17.89facabd0366f63911d089156a7a70125bfbcd27.tgz",
      "integrity": "sha512-BWTvF1mGxjG8EtG215uhxdeW5Uf5aiH4xhfzcFPFC3Ux5BdEM1uEBrLIixX67mI+ZNhqNZSBPf0DSf2I1IsaZw=="
    },
    "prisma": {
      "version": "2.28.0",
      "resolved": "https://registry.npmjs.org/prisma/-/prisma-2.28.0.tgz",
      "integrity": "sha512-f83KPLy3xk07KMY4e5otNwP2I+GsdftjOfu3e8snXylnyAC1oEpRZNe7rmONr0vAI+Qgz3LFRArhWUE/dFjKIA==",
      "devOptional": true,
      "requires": {
        "@prisma/engines": "2.28.0-17.89facabd0366f63911d089156a7a70125bfbcd27"
      }
    }
  }
}
