{
  "name": "portfolio-assets",
  "version": "1.0.0",
  "lockfileVersion": 3,
  "requires": true,
  "packages": {
    "": {
      "name": "portfolio-assets",
      "version": "1.0.0",
      "license": "UNLICENSED",
      "dependencies": {
        "shared": "file:../shared/dist"
      },
      "devDependencies": {}
    },
    "../shared": {
      "version": "1.0.0",
      "license": "UNLICENSED"
    },
    "../shared/dist": {},
    "node_modules/shared": {
      "resolved": "../shared/dist",
      "link": true
    }
  }
}
