{
  "name": "portfolio-assets",
  "version": "1.0.0",
  "lockfileVersion": 3,
  "requires": true,
  "packages": {
    "": {
      "name": "portfolio-assets",
      "version": "1.0.0",
      "dependencies": {
        "shared": "file:../shared"
      },
      "devDependencies": {}
    },
    "../shared": {
      "version": "1.0.0",
      "devDependencies": {}
    },
    "node_modules/shared": {
      "resolved": "../shared",
      "link": true
    }
  }
}
