{
  "name": "get-triggers",
  "version": "0.0.1",
  "lockfileVersion": 3,
  "requires": true,
  "packages": {
    "": {
      "name": "get-triggers",
      "version": "0.0.1",
      "license": "UNLICENSED",
      "dependencies": {
        "@aws-lambda-powertools/logger": "^1.17.0",
        "@aws-lambda-powertools/metrics": "^1.17.0",
        "@aws-lambda-powertools/tracer": "^1.17.0",
        "automation-subgraph": "file:../automation-subgraph/dist",
        "graphql-request": "^6.1.0",
        "shared": "file:../shared/dist",
        "zod": "^3.22.4"
      }
    },
    "../automation-subgraph/dist": {},
    "../shared": {
      "version": "1.0.0",
      "license": "UNLICENSED"
    },
    "../shared/dist": {},
    "node_modules/@aws-lambda-powertools/commons": {
      "version": "1.17.0",
      "resolved": "https://registry.npmjs.org/@aws-lambda-powertools/commons/-/commons-1.17.0.tgz",
      "integrity": "sha512-eZbOUGKH+oNG49oObXucffTdUyj0XmQTnddgDWmSWLgAQ4/L60n7x80hYOTCmDqATxPoA4ADa+fzAxGx0hyaxQ=="
    },
    "node_modules/@aws-lambda-powertools/logger": {
      "version": "1.17.0",
      "resolved": "https://registry.npmjs.org/@aws-lambda-powertools/logger/-/logger-1.17.0.tgz",
      "integrity": "sha512-HdesKvINDebLsxEyLzjEvn4ZiO3lYnl9Ol7GuRGgSTsB4byEeRbhAghCGCPZb0CA/NaDVQleaLTTjjsJjm6I7A==",
      "dependencies": {
        "@aws-lambda-powertools/commons": "^1.17.0",
        "lodash.merge": "^4.6.2"
      },
      "peerDependencies": {
        "@middy/core": ">=3.x"
      },
      "peerDependenciesMeta": {
        "@middy/core": {
          "optional": true
        }
      }
    },
    "node_modules/@aws-lambda-powertools/metrics": {
      "version": "1.17.0",
      "resolved": "https://registry.npmjs.org/@aws-lambda-powertools/metrics/-/metrics-1.17.0.tgz",
      "integrity": "sha512-Jd23c5ceXyV0rqLyd9w73cRCe8AGsKmUhov1pnE2Txj31MuXKAm2u8zApJqSaFddW9URWGiz2ETHix22tcgENw==",
      "dependencies": {
        "@aws-lambda-powertools/commons": "^1.17.0"
      },
      "peerDependencies": {
        "@middy/core": ">=3.x"
      },
      "peerDependenciesMeta": {
        "@middy/core": {
          "optional": true
        }
      }
    },
    "node_modules/@aws-lambda-powertools/tracer": {
      "version": "1.17.0",
      "resolved": "https://registry.npmjs.org/@aws-lambda-powertools/tracer/-/tracer-1.17.0.tgz",
      "integrity": "sha512-o9ztpooJ/LZYIMrVarRnczT3ncw52UtcRtwBd2iD+koHZtiQO55kNDDRWhjtc8c0Ci8g5BxeWzi7hB0d6FK4aA==",
      "dependencies": {
        "@aws-lambda-powertools/commons": "^1.17.0",
        "aws-xray-sdk-core": "^3.5.3"
      },
      "peerDependencies": {
        "@middy/core": ">=3.x"
      },
      "peerDependenciesMeta": {
        "@middy/core": {
          "optional": true
        }
      }
    },
    "node_modules/@aws-sdk/types": {
      "version": "3.465.0",
      "resolved": "https://registry.npmjs.org/@aws-sdk/types/-/types-3.465.0.tgz",
      "integrity": "sha512-Clqu2eD50OOzwSftGpzJrIOGev/7VJhJpc02SeS4cqFgI9EVd+rnFKS/Ux0kcwjLQBMiPcCLtql3KAHApFHAIA==",
      "dependencies": {
        "@smithy/types": "^2.5.0",
        "tslib": "^2.5.0"
      },
      "engines": {
        "node": ">=14.0.0"
      }
    },
    "node_modules/@graphql-typed-document-node/core": {
      "version": "3.2.0",
      "resolved": "https://registry.npmjs.org/@graphql-typed-document-node/core/-/core-3.2.0.tgz",
      "integrity": "sha512-mB9oAsNCm9aM3/SOv4YtBMqZbYj10R7dkq8byBqxGY/ncFwhf2oQzMV+LCRlWoDSEBJ3COiR1yeDvMtsoOsuFQ==",
      "peerDependencies": {
        "graphql": "^0.8.0 || ^0.9.0 || ^0.10.0 || ^0.11.0 || ^0.12.0 || ^0.13.0 || ^14.0.0 || ^15.0.0 || ^16.0.0 || ^17.0.0"
      }
    },
    "node_modules/@smithy/service-error-classification": {
      "version": "2.0.7",
      "resolved": "https://registry.npmjs.org/@smithy/service-error-classification/-/service-error-classification-2.0.7.tgz",
      "integrity": "sha512-LLxgW12qGz8doYto15kZ4x1rHjtXl0BnCG6T6Wb8z2DI4PT9cJfOSvzbuLzy7+5I24PAepKgFeWHRd9GYy3Z9w==",
      "dependencies": {
        "@smithy/types": "^2.6.0"
      },
      "engines": {
        "node": ">=14.0.0"
      }
    },
    "node_modules/@smithy/types": {
      "version": "2.6.0",
      "resolved": "https://registry.npmjs.org/@smithy/types/-/types-2.6.0.tgz",
      "integrity": "sha512-PgqxJq2IcdMF9iAasxcqZqqoOXBHufEfmbEUdN1pmJrJltT42b0Sc8UiYSWWzKkciIp9/mZDpzYi4qYG1qqg6g==",
      "dependencies": {
        "tslib": "^2.5.0"
      },
      "engines": {
        "node": ">=14.0.0"
      }
    },
    "node_modules/@types/cls-hooked": {
      "version": "4.3.8",
      "resolved": "https://registry.npmjs.org/@types/cls-hooked/-/cls-hooked-4.3.8.tgz",
      "integrity": "sha512-tf/7H883gFA6MPlWI15EQtfNZ+oPL0gLKkOlx9UHFrun1fC/FkuyNBpTKq1B5E3T4fbvjId6WifHUdSGsMMuPg==",
      "dependencies": {
        "@types/node": "*"
      }
    },
    "node_modules/@types/node": {
      "version": "20.10.2",
      "resolved": "https://registry.npmjs.org/@types/node/-/node-20.10.2.tgz",
      "integrity": "sha512-37MXfxkb0vuIlRKHNxwCkb60PNBpR94u4efQuN4JgIAm66zfCDXGSAFCef9XUWFovX2R1ok6Z7MHhtdVXXkkIw==",
      "dependencies": {
        "undici-types": "~5.26.4"
      }
    },
    "node_modules/async-hook-jl": {
      "version": "1.7.6",
      "resolved": "https://registry.npmjs.org/async-hook-jl/-/async-hook-jl-1.7.6.tgz",
      "integrity": "sha512-gFaHkFfSxTjvoxDMYqDuGHlcRyUuamF8s+ZTtJdDzqjws4mCt7v0vuV79/E2Wr2/riMQgtG4/yUtXWs1gZ7JMg==",
      "dependencies": {
        "stack-chain": "^1.3.7"
      },
      "engines": {
        "node": "^4.7 || >=6.9 || >=7.3"
      }
    },
    "node_modules/atomic-batcher": {
      "version": "1.0.2",
      "resolved": "https://registry.npmjs.org/atomic-batcher/-/atomic-batcher-1.0.2.tgz",
      "integrity": "sha512-EFGCRj4kLX1dHv1cDzTk+xbjBFj1GnJDpui52YmEcxxHHEWjYyT6l51U7n6WQ28osZH4S9gSybxe56Vm7vB61Q=="
    },
    "node_modules/automation-subgraph": {
      "resolved": "../automation-subgraph/dist",
      "link": true
    },
    "node_modules/aws-xray-sdk-core": {
      "version": "3.5.3",
      "resolved": "https://registry.npmjs.org/aws-xray-sdk-core/-/aws-xray-sdk-core-3.5.3.tgz",
      "integrity": "sha512-FxDRVvIHqf3bzj76M+LSyh/1V5cYuhn+YLRS+u6Xs6WindPMDn9j03v2PNskPgvUi7pMqU40aVhQphRX/YWTfQ==",
      "dependencies": {
        "@aws-sdk/types": "^3.4.1",
        "@smithy/service-error-classification": "^2.0.4",
        "@types/cls-hooked": "^4.3.3",
        "atomic-batcher": "^1.0.2",
        "cls-hooked": "^4.2.2",
        "semver": "^7.5.3"
      },
      "engines": {
        "node": ">= 14.x"
      }
    },
    "node_modules/cls-hooked": {
      "version": "4.2.2",
      "resolved": "https://registry.npmjs.org/cls-hooked/-/cls-hooked-4.2.2.tgz",
      "integrity": "sha512-J4Xj5f5wq/4jAvcdgoGsL3G103BtWpZrMo8NEinRltN+xpTZdI+M38pyQqhuFU/P792xkMFvnKSf+Lm81U1bxw==",
      "dependencies": {
        "async-hook-jl": "^1.7.6",
        "emitter-listener": "^1.0.1",
        "semver": "^5.4.1"
      },
      "engines": {
        "node": "^4.7 || >=6.9 || >=7.3 || >=8.2.1"
      }
    },
    "node_modules/cls-hooked/node_modules/semver": {
      "version": "5.7.2",
      "resolved": "https://registry.npmjs.org/semver/-/semver-5.7.2.tgz",
      "integrity": "sha512-cBznnQ9KjJqU67B52RMC65CMarK2600WFnbkcaiwWq3xy/5haFJlshgnpjovMVJ+Hff49d8GEn0b87C5pDQ10g==",
      "bin": {
        "semver": "bin/semver"
      }
    },
    "node_modules/cross-fetch": {
      "version": "3.1.8",
      "resolved": "https://registry.npmjs.org/cross-fetch/-/cross-fetch-3.1.8.tgz",
      "integrity": "sha512-cvA+JwZoU0Xq+h6WkMvAUqPEYy92Obet6UdKLfW60qn99ftItKjB5T+BkyWOFWe2pUyfQ+IJHmpOTznqk1M6Kg==",
      "dependencies": {
        "node-fetch": "^2.6.12"
      }
    },
    "node_modules/emitter-listener": {
      "version": "1.1.2",
      "resolved": "https://registry.npmjs.org/emitter-listener/-/emitter-listener-1.1.2.tgz",
      "integrity": "sha512-Bt1sBAGFHY9DKY+4/2cV6izcKJUf5T7/gkdmkxzX/qv9CcGH8xSwVRW5mtX03SWJtRTWSOpzCuWN9rBFYZepZQ==",
      "dependencies": {
        "shimmer": "^1.2.0"
      }
    },
    "node_modules/graphql": {
      "version": "16.8.1",
      "resolved": "https://registry.npmjs.org/graphql/-/graphql-16.8.1.tgz",
      "integrity": "sha512-59LZHPdGZVh695Ud9lRzPBVTtlX9ZCV150Er2W43ro37wVof0ctenSaskPPjN7lVTIN8mSZt8PHUNKZuNQUuxw==",
      "peer": true,
      "engines": {
        "node": "^12.22.0 || ^14.16.0 || ^16.0.0 || >=17.0.0"
      }
    },
    "node_modules/graphql-request": {
      "version": "6.1.0",
      "resolved": "https://registry.npmjs.org/graphql-request/-/graphql-request-6.1.0.tgz",
      "integrity": "sha512-p+XPfS4q7aIpKVcgmnZKhMNqhltk20hfXtkaIkTfjjmiKMJ5xrt5c743cL03y/K7y1rg3WrIC49xGiEQ4mxdNw==",
      "dependencies": {
        "@graphql-typed-document-node/core": "^3.2.0",
        "cross-fetch": "^3.1.5"
      },
      "peerDependencies": {
        "graphql": "14 - 16"
      }
    },
    "node_modules/lodash.merge": {
      "version": "4.6.2",
      "resolved": "https://registry.npmjs.org/lodash.merge/-/lodash.merge-4.6.2.tgz",
      "integrity": "sha512-0KpjqXRVvrYyCsX1swR/XTK0va6VQkQM6MNo7PqW77ByjAhoARA8EfrP1N4+KlKj8YS0ZUCtRT/YUuhyYDujIQ=="
    },
    "node_modules/lru-cache": {
      "version": "6.0.0",
      "resolved": "https://registry.npmjs.org/lru-cache/-/lru-cache-6.0.0.tgz",
      "integrity": "sha512-Jo6dJ04CmSjuznwJSS3pUeWmd/H0ffTlkXXgwZi+eq1UCmqQwCh+eLsYOYCwY991i2Fah4h1BEMCx4qThGbsiA==",
      "dependencies": {
        "yallist": "^4.0.0"
      },
      "engines": {
        "node": ">=10"
      }
    },
    "node_modules/node-fetch": {
      "version": "2.7.0",
      "resolved": "https://registry.npmjs.org/node-fetch/-/node-fetch-2.7.0.tgz",
      "integrity": "sha512-c4FRfUm/dbcWZ7U+1Wq0AwCyFL+3nt2bEw05wfxSz+DWpWsitgmSgYmy2dQdWyKC1694ELPqMs/YzUSNozLt8A==",
      "dependencies": {
        "whatwg-url": "^5.0.0"
      },
      "engines": {
        "node": "4.x || >=6.0.0"
      },
      "peerDependencies": {
        "encoding": "^0.1.0"
      },
      "peerDependenciesMeta": {
        "encoding": {
          "optional": true
        }
      }
    },
    "node_modules/semver": {
      "version": "7.5.4",
      "resolved": "https://registry.npmjs.org/semver/-/semver-7.5.4.tgz",
      "integrity": "sha512-1bCSESV6Pv+i21Hvpxp3Dx+pSD8lIPt8uVjRrxAUt/nbswYc+tK6Y2btiULjd4+fnq15PX+nqQDC7Oft7WkwcA==",
      "dependencies": {
        "lru-cache": "^6.0.0"
      },
      "bin": {
        "semver": "bin/semver.js"
      },
      "engines": {
        "node": ">=10"
      }
    },
    "node_modules/shared": {
      "resolved": "../shared/dist",
      "link": true
    },
    "node_modules/shimmer": {
      "version": "1.2.1",
      "resolved": "https://registry.npmjs.org/shimmer/-/shimmer-1.2.1.tgz",
      "integrity": "sha512-sQTKC1Re/rM6XyFM6fIAGHRPVGvyXfgzIDvzoq608vM+jeyVD0Tu1E6Np0Kc2zAIFWIj963V2800iF/9LPieQw=="
    },
    "node_modules/stack-chain": {
      "version": "1.3.7",
      "resolved": "https://registry.npmjs.org/stack-chain/-/stack-chain-1.3.7.tgz",
      "integrity": "sha512-D8cWtWVdIe/jBA7v5p5Hwl5yOSOrmZPWDPe2KxQ5UAGD+nxbxU0lKXA4h85Ta6+qgdKVL3vUxsbIZjc1kBG7ug=="
    },
    "node_modules/tr46": {
      "version": "0.0.3",
      "resolved": "https://registry.npmjs.org/tr46/-/tr46-0.0.3.tgz",
      "integrity": "sha512-N3WMsuqV66lT30CrXNbEjx4GEwlow3v6rr4mCcv6prnfwhS01rkgyFdjPNBYd9br7LpXV1+Emh01fHnq2Gdgrw=="
    },
    "node_modules/tslib": {
      "version": "2.6.2",
      "resolved": "https://registry.npmjs.org/tslib/-/tslib-2.6.2.tgz",
      "integrity": "sha512-AEYxH93jGFPn/a2iVAwW87VuUIkR1FVUKB77NwMF7nBTDkDrrT/Hpt/IrCJ0QXhW27jTBDcf5ZY7w6RiqTMw2Q=="
    },
    "node_modules/undici-types": {
      "version": "5.26.5",
      "resolved": "https://registry.npmjs.org/undici-types/-/undici-types-5.26.5.tgz",
      "integrity": "sha512-JlCMO+ehdEIKqlFxk6IfVoAUVmgz7cU7zD/h9XZ0qzeosSHmUJVOzSQvvYSYWXkFXC+IfLKSIffhv0sVZup6pA=="
    },
    "node_modules/webidl-conversions": {
      "version": "3.0.1",
      "resolved": "https://registry.npmjs.org/webidl-conversions/-/webidl-conversions-3.0.1.tgz",
      "integrity": "sha512-2JAn3z8AR6rjK8Sm8orRC0h/bcl/DqL7tRPdGZ4I1CjdF+EaMLmYxBHyXuKL849eucPFhvBoxMsflfOb8kxaeQ=="
    },
    "node_modules/whatwg-url": {
      "version": "5.0.0",
      "resolved": "https://registry.npmjs.org/whatwg-url/-/whatwg-url-5.0.0.tgz",
      "integrity": "sha512-saE57nupxk6v3HY35+jzBwYa0rKSy0XR8JSxZPwgLr7ys0IBzhGviA1/TUGJLmSVqs8pb9AnvICXEuOHLprYTw==",
      "dependencies": {
        "tr46": "~0.0.3",
        "webidl-conversions": "^3.0.0"
      }
    },
    "node_modules/yallist": {
      "version": "4.0.0",
      "resolved": "https://registry.npmjs.org/yallist/-/yallist-4.0.0.tgz",
      "integrity": "sha512-3wdGidZyq5PB084XLES5TpOSRA3wjXAlIWMhum2kRcv/41Sn2emQ0dycQW4uZXLejwKvg6EsvbdlVL+FYEct7A=="
    },
    "node_modules/zod": {
      "version": "3.22.4",
      "resolved": "https://registry.npmjs.org/zod/-/zod-3.22.4.tgz",
      "integrity": "sha512-iC+8Io04lddc+mVqQ9AZ7OQ2MrUKGN+oIQyq1vemgt46jwCwLfhq7/pwnBnNXXXZb8VTVLKwp9EDkx+ryxIWmg==",
      "funding": {
        "url": "https://github.com/sponsors/colinhacks"
      }
    }
  }
}
