{
  "name": "lambdas",
  "version": "1.0.0",
  "lockfileVersion": 3,
  "requires": true,
  "packages": {
    "": {
      "name": "lambdas",
      "version": "1.0.0",
      "license": "ISC",
      "dependencies": {
        "typescript": "^4.3.2"
      },
      "devDependencies": {
        "@types/aws-lambda": "^8.10.76"
      }
    },
    "node_modules/@types/aws-lambda": {
      "version": "8.10.125",
      "resolved": "https://registry.npmjs.org/@types/aws-lambda/-/aws-lambda-8.10.125.tgz",
      "integrity": "sha512-Vqw/WMlV4O1fJT6capim01v7VLDZkcX1n6Yhb52E7IfnMqYbNfwHfyDV8rRN42NLBtdDvfaqcCqs2K0fr5ljZw==",
      "dev": true
    },
    "node_modules/typescript": {
      "version": "4.9.5",
      "resolved": "https://registry.npmjs.org/typescript/-/typescript-4.9.5.tgz",
      "integrity": "sha512-1FXk9E2Hm+QzZQ7z+McJiHL4NW1F2EzMu9Nq9i3zAaGqibafqYwCVU6WyWAuyQRRzOlxou8xZSyXLEN8oKj24g==",
      "bin": {
        "tsc": "bin/tsc",
        "tsserver": "bin/tsserver"
      },
      "engines": {
        "node": ">=4.2.0"
      }
    }
  }
}
