# THIS IS AN AUTOGENERATED FILE. DO NOT EDIT THIS FILE DIRECTLY.
# yarn lockfile v1


"@types/aws-lambda@^8.10.76":
  version "8.10.125"
  resolved "https://registry.yarnpkg.com/@types/aws-lambda/-/aws-lambda-8.10.125.tgz#c2ba86f7d98fe1827a7b048e0d31a65a8b5aed8c"
  integrity sha512-Vqw/WMlV4O1fJT6capim01v7VLDZkcX1n6Yhb52E7IfnMqYbNfwHfyDV8rRN42NLBtdDvfaqcCqs2K0fr5ljZw==

typescript@^5.2.2:
  version "5.2.2"
  resolved "https://registry.yarnpkg.com/typescript/-/typescript-5.2.2.tgz#5ebb5e5a5b75f085f22bc3f8460fba308310fa78"
  integrity sha512-mI4WrpHsbCIcwT9cF4FZvr80QUeKvsUsUvKDoR+X/7XHQH98xYD8YHZg7ANtz2GtZt/CBq2QJ0thkGJMHfqc1w==
