# This file is generated by running "yarn install" inside your project.
# Manual changes might be lost - proceed with caution!

__metadata:
  version: 8
  cacheKey: 10c0

"@graphql-typed-document-node/core@npm:^3.2.0":
  version: 3.2.0
  resolution: "@graphql-typed-document-node/core@npm:3.2.0"
  peerDependencies:
    graphql: ^0.8.0 || ^0.9.0 || ^0.10.0 || ^0.11.0 || ^0.12.0 || ^0.13.0 || ^14.0.0 || ^15.0.0 || ^16.0.0 || ^17.0.0
  checksum: 94e9d75c1f178bbae8d874f5a9361708a3350c8def7eaeb6920f2c820e82403b7d4f55b3735856d68e145e86c85cbfe2adc444fdc25519cd51f108697e99346c
  languageName: node
  linkType: hard

"@types/aws-lambda@npm:^8.10.76":
  version: 8.10.125
  resolution: "@types/aws-lambda@npm:8.10.125"
  checksum: 320a05913cfacdd3a4ff29c65915cf50ac5f0b6ea58862e95faa864b83cc02f2fe0e85e3c34cab191e94f75d7108810b7ab92225e67e5fe16525b191bdc11d94
  languageName: node
  linkType: hard

"cross-fetch@npm:^3.1.5":
  version: 3.1.8
  resolution: "cross-fetch@npm:3.1.8"
  dependencies:
    node-fetch: "npm:^2.6.12"
  checksum: 4c5e022ffe6abdf380faa6e2373c0c4ed7ef75e105c95c972b6f627c3f083170b6886f19fb488a7fa93971f4f69dcc890f122b0d97f0bf5f41ca1d9a8f58c8af
  languageName: node
  linkType: hard

"graphql-request@npm:^6.1.0":
  version: 6.1.0
  resolution: "graphql-request@npm:6.1.0"
  dependencies:
    "@graphql-typed-document-node/core": "npm:^3.2.0"
    cross-fetch: "npm:^3.1.5"
  peerDependencies:
    graphql: 14 - 16
  checksum: f8167925a110e8e1de93d56c14245e7e64391dc8dce5002dd01bf24a3059f345d4ca1bb6ce2040e2ec78264211b0704e75da3e63984f0f74d2042f697a4e8cc6
  languageName: node
  linkType: hard

"graphql@npm:^16.8.1":
  version: 16.8.1
  resolution: "graphql@npm:16.8.1"
  checksum: 129c318156b466f440914de80dbf7bc67d17f776f2a088a40cb0da611d19a97c224b1c6d2b13cbcbc6e5776e45ed7468b8432f9c3536724e079b44f1a3d57a8a
  languageName: node
  linkType: hard

"lambdas@workspace:.":
  version: 0.0.0-use.local
  resolution: "lambdas@workspace:."
  dependencies:
    "@types/aws-lambda": "npm:^8.10.76"
    graphql: "npm:^16.8.1"
    graphql-request: "npm:^6.1.0"
    typescript: "npm:^5.2.2"
  languageName: unknown
  linkType: soft

"node-fetch@npm:^2.6.12":
  version: 2.7.0
  resolution: "node-fetch@npm:2.7.0"
  dependencies:
    whatwg-url: "npm:^5.0.0"
  peerDependencies:
    encoding: ^0.1.0
  peerDependenciesMeta:
    encoding:
      optional: true
  checksum: b55786b6028208e6fbe594ccccc213cab67a72899c9234eb59dba51062a299ea853210fcf526998eaa2867b0963ad72338824450905679ff0fa304b8c5093ae8
  languageName: node
  linkType: hard

"tr46@npm:~0.0.3":
  version: 0.0.3
  resolution: "tr46@npm:0.0.3"
  checksum: 047cb209a6b60c742f05c9d3ace8fa510bff609995c129a37ace03476a9b12db4dbf975e74600830ef0796e18882b2381fb5fb1f6b4f96b832c374de3ab91a11
  languageName: node
  linkType: hard

"typescript@npm:^5.2.2":
  version: 5.2.2
  resolution: "typescript@npm:5.2.2"
  bin:
    tsc: bin/tsc
    tsserver: bin/tsserver
  checksum: 91ae3e6193d0ddb8656d4c418a033f0f75dec5e077ebbc2bd6d76439b93f35683936ee1bdc0e9cf94ec76863aa49f27159b5788219b50e1cd0cd6d110aa34b07
  languageName: node
  linkType: hard

"typescript@patch:typescript@npm%3A^5.2.2#optional!builtin<compat/typescript>":
  version: 5.2.2
  resolution: "typescript@patch:typescript@npm%3A5.2.2#optional!builtin<compat/typescript>::version=5.2.2&hash=f3b441"
  bin:
    tsc: bin/tsc
    tsserver: bin/tsserver
  checksum: 062c1cee1990e6b9419ce8a55162b8dc917eb87f807e4de0327dbc1c2fa4e5f61bc0dd4e034d38ff541d1ed0479b53bcee8e4de3a4075c51a1724eb6216cb6f5
  languageName: node
  linkType: hard

"webidl-conversions@npm:^3.0.0":
  version: 3.0.1
  resolution: "webidl-conversions@npm:3.0.1"
  checksum: 5612d5f3e54760a797052eb4927f0ddc01383550f542ccd33d5238cfd65aeed392a45ad38364970d0a0f4fea32e1f4d231b3d8dac4a3bdd385e5cf802ae097db
  languageName: node
  linkType: hard

"whatwg-url@npm:^5.0.0":
  version: 5.0.0
  resolution: "whatwg-url@npm:5.0.0"
  dependencies:
    tr46: "npm:~0.0.3"
    webidl-conversions: "npm:^3.0.0"
  checksum: 1588bed84d10b72d5eec1d0faa0722ba1962f1821e7539c535558fb5398d223b0c50d8acab950b8c488b4ba69043fd833cc2697056b167d8ad46fac3995a55d5
  languageName: node
  linkType: hard
